
Microsoft Visual Studio Solution File, Format Version 12.00
# Visual Studio Version 16
VisualStudioVersion = 16.0.29503.13
MinimumVisualStudioVersion = 10.0.40219.1
Project("{FAE04EC0-301F-11D3-BF4B-00C04F79EFBC}") = "HarvestToGephi", "HarvestToGephi\HarvestToGephi.csproj", "{A156B1EC-51EA-4936-85EF-CA2954165518}"
EndProject
Global
	GlobalSection(SolutionConfigurationPlatforms) = preSolution
		Debug|Any CPU = Debug|Any CPU
		Release|Any CPU = Release|Any CPU
	EndGlobalSection
	GlobalSection(ProjectConfigurationPlatforms) = postSolution
		{A156B1EC-51EA-4936-85EF-CA2954165518}.Debug|Any CPU.ActiveCfg = Debug|Any CPU
		{A156B1EC-51EA-4936-85EF-CA2954165518}.Debug|Any CPU.Build.0 = Debug|Any CPU
		{A156B1EC-51EA-4936-85EF-CA2954165518}.Release|Any CPU.ActiveCfg = Release|Any CPU
		{A156B1EC-51EA-4936-85EF-CA2954165518}.Release|Any CPU.Build.0 = Release|Any CPU
	EndGlobalSection
	GlobalSection(SolutionProperties) = preSolution
		HideSolutionNode = FALSE
	EndGlobalSection
	GlobalSection(ExtensibilityGlobals) = postSolution
		SolutionGuid = {105333DD-9F1A-46BD-89DB-A382D265AC30}
	EndGlobalSection
EndGlobal
